
Microsoft Visual Studio Solution File, Format Version 11.00
# Visual Studio 2010
Project("{FAE04EC0-301F-11D3-BF4B-00C04F79EFBC}") = "ModularWPFTest", "ModularWPFTest\ModularWPFTest.csproj", "{EFD0613F-DF0D-4F3E-9017-79A15AEDE9BA}"
EndProject
Project("{FAE04EC0-301F-11D3-BF4B-00C04F79EFBC}") = "ModularWPFUnitTests", "ModularWPFUnitTests\ModularWPFUnitTests.csproj", "{62BB416D-FCC3-4332-B2FB-85C13DFE78B8}"
EndProject
Project("{2150E333-8FDC-42A3-9474-1A3956D46DE8}") = "Solution Items", "Solution Items", "{6E50BEC8-F39D-47DD-90C5-FAB51C96803F}"
	ProjectSection(SolutionItems) = preProject
		Local.testsettings = Local.testsettings
		ModularWPFTest.vsmdi = ModularWPFTest.vsmdi
		TraceAndTestImpact.testsettings = TraceAndTestImpact.testsettings
	EndProjectSection
EndProject
Global
	GlobalSection(TestCaseManagementSettings) = postSolution
		CategoryFile = ModularWPFTest.vsmdi
	EndGlobalSection
	GlobalSection(SolutionConfigurationPlatforms) = preSolution
		Debug|Any CPU = Debug|Any CPU
		Debug|Mixed Platforms = Debug|Mixed Platforms
		Debug|x86 = Debug|x86
		Release|Any CPU = Release|Any CPU
		Release|Mixed Platforms = Release|Mixed Platforms
		Release|x86 = Release|x86
	EndGlobalSection
	GlobalSection(ProjectConfigurationPlatforms) = postSolution
		{EFD0613F-DF0D-4F3E-9017-79A15AEDE9BA}.Debug|Any CPU.ActiveCfg = Debug|x86
		{EFD0613F-DF0D-4F3E-9017-79A15AEDE9BA}.Debug|Mixed Platforms.ActiveCfg = Debug|x86
		{EFD0613F-DF0D-4F3E-9017-79A15AEDE9BA}.Debug|Mixed Platforms.Build.0 = Debug|x86
		{EFD0613F-DF0D-4F3E-9017-79A15AEDE9BA}.Debug|x86.ActiveCfg = Debug|x86
		{EFD0613F-DF0D-4F3E-9017-79A15AEDE9BA}.Debug|x86.Build.0 = Debug|x86
		{EFD0613F-DF0D-4F3E-9017-79A15AEDE9BA}.Release|Any CPU.ActiveCfg = Release|x86
		{EFD0613F-DF0D-4F3E-9017-79A15AEDE9BA}.Release|Mixed Platforms.ActiveCfg = Release|x86
		{EFD0613F-DF0D-4F3E-9017-79A15AEDE9BA}.Release|Mixed Platforms.Build.0 = Release|x86
		{EFD0613F-DF0D-4F3E-9017-79A15AEDE9BA}.Release|x86.ActiveCfg = Release|x86
		{EFD0613F-DF0D-4F3E-9017-79A15AEDE9BA}.Release|x86.Build.0 = Release|x86
		{62BB416D-FCC3-4332-B2FB-85C13DFE78B8}.Debug|Any CPU.ActiveCfg = Debug|Any CPU
		{62BB416D-FCC3-4332-B2FB-85C13DFE78B8}.Debug|Any CPU.Build.0 = Debug|Any CPU
		{62BB416D-FCC3-4332-B2FB-85C13DFE78B8}.Debug|Mixed Platforms.ActiveCfg = Debug|Any CPU
		{62BB416D-FCC3-4332-B2FB-85C13DFE78B8}.Debug|Mixed Platforms.Build.0 = Debug|Any CPU
		{62BB416D-FCC3-4332-B2FB-85C13DFE78B8}.Debug|x86.ActiveCfg = Debug|Any CPU
		{62BB416D-FCC3-4332-B2FB-85C13DFE78B8}.Release|Any CPU.ActiveCfg = Release|Any CPU
		{62BB416D-FCC3-4332-B2FB-85C13DFE78B8}.Release|Any CPU.Build.0 = Release|Any CPU
		{62BB416D-FCC3-4332-B2FB-85C13DFE78B8}.Release|Mixed Platforms.ActiveCfg = Release|Any CPU
		{62BB416D-FCC3-4332-B2FB-85C13DFE78B8}.Release|Mixed Platforms.Build.0 = Release|Any CPU
		{62BB416D-FCC3-4332-B2FB-85C13DFE78B8}.Release|x86.ActiveCfg = Release|Any CPU
	EndGlobalSection
	GlobalSection(SolutionProperties) = preSolution
		HideSolutionNode = FALSE
	EndGlobalSection
EndGlobal
